
Microsoft Visual Studio Solution File, Format Version 12.00
# Visual Studio Version 17
VisualStudioVersion = 17.7.34024.191
MinimumVisualStudioVersion = 10.0.40219.1
Project("{FAE04EC0-301F-11D3-BF4B-00C04F79EFBC}") = "TicTacToe", "TicTacToe\TicTacToe.csproj", "{2C8FC390-A445-4997-A6C1-A47070FDE140}"
EndProject
Project("{FAE04EC0-301F-11D3-BF4B-00C04F79EFBC}") = "TicTacToe.Test", "TicTacToe.Test\TicTacToe.Test.csproj", "{C614FAF3-BEFB-4CB4-9196-3FC0568186CA}"
EndProject
Global
	GlobalSection(SolutionConfigurationPlatforms) = preSolution
		Debug|Any CPU = Debug|Any CPU
		Release|Any CPU = Release|Any CPU
	EndGlobalSection
	GlobalSection(ProjectConfigurationPlatforms) = postSolution
		{2C8FC390-A445-4997-A6C1-A47070FDE140}.Debug|Any CPU.ActiveCfg = Debug|Any CPU
		{2C8FC390-A445-4997-A6C1-A47070FDE140}.Debug|Any CPU.Build.0 = Debug|Any CPU
		{2C8FC390-A445-4997-A6C1-A47070FDE140}.Release|Any CPU.ActiveCfg = Release|Any CPU
		{2C8FC390-A445-4997-A6C1-A47070FDE140}.Release|Any CPU.Build.0 = Release|Any CPU
		{C614FAF3-BEFB-4CB4-9196-3FC0568186CA}.Debug|Any CPU.ActiveCfg = Debug|Any CPU
		{C614FAF3-BEFB-4CB4-9196-3FC0568186CA}.Debug|Any CPU.Build.0 = Debug|Any CPU
		{C614FAF3-BEFB-4CB4-9196-3FC0568186CA}.Release|Any CPU.ActiveCfg = Release|Any CPU
		{C614FAF3-BEFB-4CB4-9196-3FC0568186CA}.Release|Any CPU.Build.0 = Release|Any CPU
	EndGlobalSection
	GlobalSection(SolutionProperties) = preSolution
		HideSolutionNode = FALSE
	EndGlobalSection
	GlobalSection(ExtensibilityGlobals) = postSolution
		SolutionGuid = {9530091B-EAF7-4DA9-9F34-773DE5968E4B}
	EndGlobalSection
EndGlobal
